{
  "version": 4,
  "terraform_version": "1.9.2",
  "serial": 10,
  "lineage": "87a27d61-67b4-5eaf-bde6-3b079540a25d",
  "outputs": {},
  "resources": [
    {
      "mode": "managed",
      "type": "aws_iam_user",
      "name": "my_iam_users",
      "provider": "provider[\"registry.terraform.io/hashicorp/aws\"]",
      "instances": [
        {
          "index_key": "sats",
          "schema_version": 0,
          "attributes": {
            "arn": "arn:aws:iam::654654472092:user/sats",
            "force_destroy": false,
            "id": "sats",
            "name": "sats",
            "path": "/",
            "permissions_boundary": null,
            "tags": null,
            "unique_id": "AIDAZQ3DSP6OJXC5KQT2X"
          },
          "sensitive_attributes": [],
          "private": "bnVsbA=="
        }
      ]
    }
  ],
  "check_results": null
}
