{
  "version": 4,
  "terraform_version": "1.9.2",
  "serial": 3,
  "lineage": "72b1b64a-447c-4669-ff22-bf5683953953",
  "outputs": {},
  "resources": [
    {
      "mode": "data",
      "type": "aws_subnet_ids",
      "name": "default_subnets",
      "provider": "provider[\"registry.terraform.io/hashicorp/aws\"]",
      "instances": [
        {
          "schema_version": 0,
          "attributes": {
            "filter": null,
            "id": "vpc-038edb66ebd0b0b3a",
            "ids": [
              "subnet-0461969d25c77cb1f",
              "subnet-0553e7cc30dec3fa6",
              "subnet-0993a82227af048fe",
              "subnet-0aa03d7d673ce6927",
              "subnet-0c930de163ef57f8e",
              "subnet-0f1802f97ce4ddcce"
            ],
            "tags": null,
            "vpc_id": "vpc-038edb66ebd0b0b3a"
          },
          "sensitive_attributes": []
        }
      ]
    },
    {
      "mode": "managed",
      "type": "aws_default_vpc",
      "name": "default",
      "provider": "provider[\"registry.terraform.io/hashicorp/aws\"]",
      "instances": [
        {
          "schema_version": 1,
          "attributes": {
            "arn": "arn:aws:ec2:us-east-1:654654472092:vpc/vpc-038edb66ebd0b0b3a",
            "assign_generated_ipv6_cidr_block": false,
            "cidr_block": "172.31.0.0/16",
            "default_network_acl_id": "acl-0e8b8115169e80d25",
            "default_route_table_id": "rtb-0b68589e35b2b07ae",
            "default_security_group_id": "sg-0be97441a2fb5f262",
            "dhcp_options_id": "dopt-01862dce54ab61fe4",
            "enable_classiclink": false,
            "enable_classiclink_dns_support": false,
            "enable_dns_hostnames": true,
            "enable_dns_support": true,
            "id": "vpc-038edb66ebd0b0b3a",
            "instance_tenancy": "default",
            "ipv6_association_id": "",
            "ipv6_cidr_block": "",
            "main_route_table_id": "rtb-0b68589e35b2b07ae",
            "owner_id": "654654472092",
            "tags": null
          },
          "sensitive_attributes": [],
          "private": "eyJzY2hlbWFfdmVyc2lvbiI6IjEifQ=="
        }
      ]
    }
  ],
  "check_results": null
}
