{
  "version": 4,
  "terraform_version": "1.9.2",
  "serial": 7,
  "lineage": "e00819ac-3717-4cee-c6d2-84c6f3716ceb",
  "outputs": {},
  "resources": [
    {
      "mode": "managed",
      "type": "aws_iam_user",
      "name": "my_iam_users",
      "provider": "provider[\"registry.terraform.io/hashicorp/aws\"]",
      "instances": [
        {
          "index_key": 0,
          "schema_version": 0,
          "attributes": {
            "arn": "arn:aws:iam::654654472092:user/VALUE_FROM_TERRAFORM_TFVARS_0",
            "force_destroy": false,
            "id": "VALUE_FROM_TERRAFORM_TFVARS_0",
            "name": "VALUE_FROM_TERRAFORM_TFVARS_0",
            "path": "/",
            "permissions_boundary": null,
            "tags": {},
            "unique_id": "AIDAZQ3DSP6OF3CMHUPLS"
          },
          "sensitive_attributes": [],
          "private": "bnVsbA=="
        },
        {
          "index_key": 1,
          "schema_version": 0,
          "attributes": {
            "arn": "arn:aws:iam::654654472092:user/VALUE_FROM_TERRAFORM_TFVARS_1",
            "force_destroy": false,
            "id": "VALUE_FROM_TERRAFORM_TFVARS_1",
            "name": "VALUE_FROM_TERRAFORM_TFVARS_1",
            "path": "/",
            "permissions_boundary": null,
            "tags": {},
            "unique_id": "AIDAZQ3DSP6ONEK7UNKIS"
          },
          "sensitive_attributes": [],
          "private": "bnVsbA=="
        },
        {
          "index_key": 2,
          "schema_version": 0,
          "attributes": {
            "arn": "arn:aws:iam::654654472092:user/VALUE_FROM_TERRAFORM_TFVARS_2",
            "force_destroy": false,
            "id": "VALUE_FROM_TERRAFORM_TFVARS_2",
            "name": "VALUE_FROM_TERRAFORM_TFVARS_2",
            "path": "/",
            "permissions_boundary": null,
            "tags": null,
            "unique_id": "AIDAZQ3DSP6OORJ6THAGD"
          },
          "sensitive_attributes": [],
          "private": "bnVsbA=="
        }
      ]
    }
  ],
  "check_results": null
}
