{
  "version": 4,
  "terraform_version": "1.9.2",
  "serial": 2,
  "lineage": "b1b72581-ad2d-1570-5d07-679c11e88bc6",
  "outputs": {
    "my_iam_user_complete_details": {
      "value": {
        "arn": "arn:aws:iam::654654472092:user/my_iam_user_abc",
        "force_destroy": false,
        "id": "my_iam_user_abc",
        "name": "my_iam_user_abc",
        "path": "/",
        "permissions_boundary": null,
        "tags": null,
        "unique_id": "AIDAZQ3DSP6OGX5RJHKSC"
      },
      "type": [
        "object",
        {
          "arn": "string",
          "force_destroy": "bool",
          "id": "string",
          "name": "string",
          "path": "string",
          "permissions_boundary": "string",
          "tags": [
            "map",
            "string"
          ],
          "unique_id": "string"
        }
      ]
    }
  },
  "resources": [
    {
      "mode": "managed",
      "type": "aws_iam_user",
      "name": "my_iam_user",
      "provider": "provider[\"registry.terraform.io/hashicorp/aws\"]",
      "instances": [
        {
          "schema_version": 0,
          "attributes": {
            "arn": "arn:aws:iam::654654472092:user/my_iam_user_abc",
            "force_destroy": false,
            "id": "my_iam_user_abc",
            "name": "my_iam_user_abc",
            "path": "/",
            "permissions_boundary": null,
            "tags": null,
            "unique_id": "AIDAZQ3DSP6OGX5RJHKSC"
          },
          "sensitive_attributes": [],
          "private": "bnVsbA=="
        }
      ]
    }
  ],
  "check_results": null
}
